speakeasyVersion: 1.650.0
sources:
    Garage administration API:
        sourceNamespace: garage-administration-api
        sourceRevisionDigest: sha256:1f7f85000a065370d430068d0f836a94032b5e20f15dc2a3d24319195c175f8b
        sourceBlobDigest: sha256:3bcfd0f940ad73d5361c359b6d9da15188dce15e482842c4395f18f86280f7c7
        tags:
            - latest
            - speakeasy-sdk-regen-1761326278
            - v2.1.0
targets:
    garage:
        source: Garage administration API
        sourceNamespace: garage-administration-api
        sourceRevisionDigest: sha256:1f7f85000a065370d430068d0f836a94032b5e20f15dc2a3d24319195c175f8b
        sourceBlobDigest: sha256:3bcfd0f940ad73d5361c359b6d9da15188dce15e482842c4395f18f86280f7c7
        codeSamplesNamespace: garage-administration-api-go-code-samples
        codeSamplesRevisionDigest: sha256:92bc40cb95a0e13b90185d6aa9f59f9922c80b2c8f58b0cef787a5fd2f9a3153
workflow:
    workflowVersion: 1.0.0
    speakeasyVersion: latest
    sources:
        Garage administration API:
            inputs:
                - location: https://garagehq.deuxfleurs.fr/api/garage-admin-v2.json
            overlays:
                - location: .speakeasy/speakeasy-modifications-overlay.yaml
            output: .speakeasy/out.openapi.yaml
            registry:
                location: registry.speakeasyapi.dev/barpilot/garage/garage-administration-api
    targets:
        garage:
            target: go
            source: Garage administration API
            codeSamples:
                registry:
                    location: registry.speakeasyapi.dev/barpilot/garage/garage-administration-api-go-code-samples
                labelOverride:
                    fixedValue: Go (SDK)
                blocking: false
